
Microsoft Visual Studio Solution File, Format Version 12.00
# Visual Studio Version 17
VisualStudioVersion = 17.4.33205.214
MinimumVisualStudioVersion = 10.0.40219.1
Project("{8BC9CEB8-8B4A-11D0-8D11-00A0C91BC942}") = "DAIMU", "DAIMU\DAIMU.vcxproj", "{88D2613A-7D60-4CB6-9D87-2F785ADA5704}"
EndProject
Global
	GlobalSection(SolutionConfigurationPlatforms) = preSolution
		Debug|x64 = Debug|x64
		Debug|x86 = Debug|x86
		Release|x64 = Release|x64
		Release|x86 = Release|x86
	EndGlobalSection
	GlobalSection(ProjectConfigurationPlatforms) = postSolution
		{88D2613A-7D60-4CB6-9D87-2F785ADA5704}.Debug|x64.ActiveCfg = Debug|x64
		{88D2613A-7D60-4CB6-9D87-2F785ADA5704}.Debug|x64.Build.0 = Debug|x64
		{88D2613A-7D60-4CB6-9D87-2F785ADA5704}.Debug|x86.ActiveCfg = Debug|Win32
		{88D2613A-7D60-4CB6-9D87-2F785ADA5704}.Debug|x86.Build.0 = Debug|Win32
		{88D2613A-7D60-4CB6-9D87-2F785ADA5704}.Release|x64.ActiveCfg = Release|x64
		{88D2613A-7D60-4CB6-9D87-2F785ADA5704}.Release|x64.Build.0 = Release|x64
		{88D2613A-7D60-4CB6-9D87-2F785ADA5704}.Release|x86.ActiveCfg = Release|Win32
		{88D2613A-7D60-4CB6-9D87-2F785ADA5704}.Release|x86.Build.0 = Release|Win32
	EndGlobalSection
	GlobalSection(SolutionProperties) = preSolution
		HideSolutionNode = FALSE
	EndGlobalSection
	GlobalSection(ExtensibilityGlobals) = postSolution
		SolutionGuid = {3A8AA2AC-C905-4C6F-8BF1-E71E5A96B87A}
	EndGlobalSection
EndGlobal
